
Microsoft Visual Studio Solution File, Format Version 12.00
# Visual Studio Version 17
VisualStudioVersion = 17.0.31903.59
MinimumVisualStudioVersion = 10.0.40219.1
Project("{FAE04EC0-301F-11D3-BF4B-00C04F79EFBC}") = "BlankUmbraco", "BlankUmbraco\BlankUmbraco.csproj", "{3AA2410B-9E22-4A33-A7A0-3AAC453BE715}"
EndProject
Global
	GlobalSection(SolutionConfigurationPlatforms) = preSolution
		Debug|Any CPU = Debug|Any CPU
		Release|Any CPU = Release|Any CPU
	EndGlobalSection
	GlobalSection(ProjectConfigurationPlatforms) = postSolution
		{3AA2410B-9E22-4A33-A7A0-3AAC453BE715}.Debug|Any CPU.ActiveCfg = Debug|Any CPU
		{3AA2410B-9E22-4A33-A7A0-3AAC453BE715}.Debug|Any CPU.Build.0 = Debug|Any CPU
		{3AA2410B-9E22-4A33-A7A0-3AAC453BE715}.Release|Any CPU.ActiveCfg = Release|Any CPU
		{3AA2410B-9E22-4A33-A7A0-3AAC453BE715}.Release|Any CPU.Build.0 = Release|Any CPU
	EndGlobalSection
	GlobalSection(SolutionProperties) = preSolution
		HideSolutionNode = FALSE
	EndGlobalSection
	GlobalSection(ExtensibilityGlobals) = postSolution
		SolutionGuid = {82AD4C89-B10C-4272-9E5E-051CFA9BBCFE}
	EndGlobalSection
EndGlobal
